
Microsoft Visual Studio Solution File, Format Version 12.00
# Visual Studio 2013
VisualStudioVersion = 12.0.21005.1
MinimumVisualStudioVersion = 10.0.40219.1
Project("{FAE04EC0-301F-11D3-BF4B-00C04F79EFBC}") = "SILCD", "SILCD\SILCD.csproj", "{B72E1E91-9D05-4E47-85CB-8279F2BDBAA6}"
EndProject
Project("{FAE04EC0-301F-11D3-BF4B-00C04F79EFBC}") = "SILCD.Tests", "SILCD.Tests\SILCD.Tests.csproj", "{93969E2B-88EB-456F-8EB9-4CABAA2C3D8F}"
EndProject
Project("{FAE04EC0-301F-11D3-BF4B-00C04F79EFBC}") = "DbFactory", "DbFactory VS2012\DbFactory\DbFactory.csproj", "{224AEB2C-EEFE-4425-902D-0D55D0192DC4}"
EndProject
Project("{FAE04EC0-301F-11D3-BF4B-00C04F79EFBC}") = "SILCD.CargaDados", "SILCD.CargaDados\SILCD.CargaDados.csproj", "{8B732521-6D19-4B7D-9BAD-1A34AB5F02DD}"
EndProject
Global
	GlobalSection(SolutionConfigurationPlatforms) = preSolution
		Debug|Any CPU = Debug|Any CPU
		Release|Any CPU = Release|Any CPU
	EndGlobalSection
	GlobalSection(ProjectConfigurationPlatforms) = postSolution
		{B72E1E91-9D05-4E47-85CB-8279F2BDBAA6}.Debug|Any CPU.ActiveCfg = Debug|Any CPU
		{B72E1E91-9D05-4E47-85CB-8279F2BDBAA6}.Debug|Any CPU.Build.0 = Debug|Any CPU
		{B72E1E91-9D05-4E47-85CB-8279F2BDBAA6}.Release|Any CPU.ActiveCfg = Release|Any CPU
		{B72E1E91-9D05-4E47-85CB-8279F2BDBAA6}.Release|Any CPU.Build.0 = Release|Any CPU
		{93969E2B-88EB-456F-8EB9-4CABAA2C3D8F}.Debug|Any CPU.ActiveCfg = Debug|Any CPU
		{93969E2B-88EB-456F-8EB9-4CABAA2C3D8F}.Debug|Any CPU.Build.0 = Debug|Any CPU
		{93969E2B-88EB-456F-8EB9-4CABAA2C3D8F}.Release|Any CPU.ActiveCfg = Release|Any CPU
		{93969E2B-88EB-456F-8EB9-4CABAA2C3D8F}.Release|Any CPU.Build.0 = Release|Any CPU
		{224AEB2C-EEFE-4425-902D-0D55D0192DC4}.Debug|Any CPU.ActiveCfg = Debug|Any CPU
		{224AEB2C-EEFE-4425-902D-0D55D0192DC4}.Debug|Any CPU.Build.0 = Debug|Any CPU
		{224AEB2C-EEFE-4425-902D-0D55D0192DC4}.Release|Any CPU.ActiveCfg = Release|Any CPU
		{224AEB2C-EEFE-4425-902D-0D55D0192DC4}.Release|Any CPU.Build.0 = Release|Any CPU
		{8B732521-6D19-4B7D-9BAD-1A34AB5F02DD}.Debug|Any CPU.ActiveCfg = Debug|Any CPU
		{8B732521-6D19-4B7D-9BAD-1A34AB5F02DD}.Debug|Any CPU.Build.0 = Debug|Any CPU
		{8B732521-6D19-4B7D-9BAD-1A34AB5F02DD}.Release|Any CPU.ActiveCfg = Release|Any CPU
		{8B732521-6D19-4B7D-9BAD-1A34AB5F02DD}.Release|Any CPU.Build.0 = Release|Any CPU
	EndGlobalSection
	GlobalSection(SolutionProperties) = preSolution
		HideSolutionNode = FALSE
	EndGlobalSection
EndGlobal
